// !$*UTF8*$!
{
	archiveVersion = 1;
	classes = {
	};
	objectVersion = 50;
	objects = {

/* Begin PBXBuildFile section */
		91356F5823595A4D00FA050D /* AppDelegate.swift in Sources */ = {isa = PBXBuildFile; fileRef = 91356F5723595A4D00FA050D /* AppDelegate.swift */; };
		91356F5A23595A4D00FA050D /* SceneDelegate.swift in Sources */ = {isa = PBXBuildFile; fileRef = 91356F5923595A4D00FA050D /* SceneDelegate.swift */; };
		91356F5C23595A4D00FA050D /* ViewController.swift in Sources */ = {isa = PBXBuildFile; fileRef = 91356F5B23595A4D00FA050D /* ViewController.swift */; };
		91356F5F23595A4D00FA050D /* Main.storyboard in Resources */ = {isa = PBXBuildFile; fileRef = 91356F5D23595A4D00FA050D /* Main.storyboard */; };
		91356F6123595A4E00FA050D /* Assets.xcassets in Resources */ = {isa = PBXBuildFile; fileRef = 91356F6023595A4E00FA050D /* Assets.xcassets */; };
		91356F6423595A4E00FA050D /* LaunchScreen.storyboard in Resources */ = {isa = PBXBuildFile; fileRef = 91356F6223595A4E00FA050D /* LaunchScreen.storyboard */; };
		91356F6D23595ACB00FA050D /* ScrollBannerView.swift in Sources */ = {isa = PBXBuildFile; fileRef = 91356F6C23595ACB00FA050D /* ScrollBannerView.swift */; };
/* End PBXBuildFile section */

/* Begin PBXFileReference section */
		91356F5423595A4D00FA050D /* ScrollBannerView.app */ = {isa = PBXFileReference; explicitFileType = wrapper.application; includeInIndex = 0; path = ScrollBannerView.app; sourceTree = BUILT_PRODUCTS_DIR; };
		91356F5723595A4D00FA050D /* AppDelegate.swift */ = {isa = PBXFileReference; lastKnownFileType = sourcecode.swift; path = AppDelegate.swift; sourceTree = "<group>"; };
		91356F5923595A4D00FA050D /* SceneDelegate.swift */ = {isa = PBXFileReference; lastKnownFileType = sourcecode.swift; path = SceneDelegate.swift; sourceTree = "<group>"; };
		91356F5B23595A4D00FA050D /* ViewController.swift */ = {isa = PBXFileReference; lastKnownFileType = sourcecode.swift; path = ViewController.swift; sourceTree = "<group>"; };
		91356F5E23595A4D00FA050D /* Base */ = {isa = PBXFileReference; lastKnownFileType = file.storyboard; name = Base; path = Base.lproj/Main.storyboard; sourceTree = "<group>"; };
		91356F6023595A4E00FA050D /* Assets.xcassets */ = {isa = PBXFileReference; lastKnownFileType = folder.assetcatalog; path = Assets.xcassets; sourceTree = "<group>"; };
		91356F6323595A4E00FA050D /* Base */ = {isa = PBXFileReference; lastKnownFileType = file.storyboard; name = Base; path = Base.lproj/LaunchScreen.storyboard; sourceTree = "<group>"; };
		91356F6523595A4E00FA050D /* Info.plist */ = {isa = PBXFileReference; lastKnownFileType = text.plist.xml; path = Info.plist; sourceTree = "<group>"; };
		91356F6C23595ACB00FA050D /* ScrollBannerView.swift */ = {isa = PBXFileReference; lastKnownFileType = sourcecode.swift; path = ScrollBannerView.swift; sourceTree = "<group>"; };
/* End PBXFileReference section */

/* Begin PBXFrameworksBuildPhase section */
		91356F5123595A4D00FA050D /* Frameworks */ = {
			isa = PBXFrameworksBuildPhase;
			buildActionMask = 2147483647;
			files = (
			);
			runOnlyForDeploymentPostprocessing = 0;
		};
/* End PBXFrameworksBuildPhase section */

/* Begin PBXGroup section */
		91356F4B23595A4D00FA050D = {
			isa = PBXGroup;
			children = (
				91356F5623595A4D00FA050D /* ScrollBannerView */,
				91356F5523595A4D00FA050D /* Products */,
			);
			sourceTree = "<group>";
		};
		91356F5523595A4D00FA050D /* Products */ = {
			isa = PBXGroup;
			children = (
				91356F5423595A4D00FA050D /* ScrollBannerView.app */,
			);
			name = Products;
			sourceTree = "<group>";
		};
		91356F5623595A4D00FA050D /* ScrollBannerView */ = {
			isa = PBXGroup;
			children = (
				91356F6B23595AAA00FA050D /* View */,
				91356F5723595A4D00FA050D /* AppDelegate.swift */,
				91356F5923595A4D00FA050D /* SceneDelegate.swift */,
				91356F5B23595A4D00FA050D /* ViewController.swift */,
				91356F5D23595A4D00FA050D /* Main.storyboard */,
				91356F6023595A4E00FA050D /* Assets.xcassets */,
				91356F6223595A4E00FA050D /* LaunchScreen.storyboard */,
				91356F6523595A4E00FA050D /* Info.plist */,
			);
			path = ScrollBannerView;
			sourceTree = "<group>";
		};
		91356F6B23595AAA00FA050D /* View */ = {
			isa = PBXGroup;
			children = (
				91356F6C23595ACB00FA050D /* ScrollBannerView.swift */,
			);
			path = View;
			sourceTree = "<group>";
		};
/* End PBXGroup section */

/* Begin PBXNativeTarget section */
		91356F5323595A4D00FA050D /* ScrollBannerView */ = {
			isa = PBXNativeTarget;
			buildConfigurationList = 91356F6823595A4E00FA050D /* Build configuration list for PBXNativeTarget "ScrollBannerView" */;
			buildPhases = (
				91356F5023595A4D00FA050D /* Sources */,
				91356F5123595A4D00FA050D /* Frameworks */,
				91356F5223595A4D00FA050D /* Resources */,
			);
			buildRules = (
			);
			dependencies = (
			);
			name = ScrollBannerView;
			productName = ScrollBannerView;
			productReference = 91356F5423595A4D00FA050D /* ScrollBannerView.app */;
			productType = "com.apple.product-type.application";
		};
/* End PBXNativeTarget section */

/* Begin PBXProject section */
		91356F4C23595A4D00FA050D /* Project object */ = {
			isa = PBXProject;
			attributes = {
				LastSwiftUpdateCheck = 1110;
				LastUpgradeCheck = 1110;
				ORGANIZATIONNAME = "Rex Peng";
				TargetAttributes = {
					91356F5323595A4D00FA050D = {
						CreatedOnToolsVersion = 11.1;
					};
				};
			};
			buildConfigurationList = 91356F4F23595A4D00FA050D /* Build configuration list for PBXProject "ScrollBannerView" */;
			compatibilityVersion = "Xcode 9.3";
			developmentRegion = en;
			hasScannedForEncodings = 0;
			knownRegions = (
				en,
				Base,
			);
			mainGroup = 91356F4B23595A4D00FA050D;
			productRefGroup = 91356F5523595A4D00FA050D /* Products */;
			projectDirPath = "";
			projectRoot = "";
			targets = (
				91356F5323595A4D00FA050D /* ScrollBannerView */,
			);
		};
/* End PBXProject section */

/* Begin PBXResourcesBuildPhase section */
		91356F5223595A4D00FA050D /* Resources */ = {
			isa = PBXResourcesBuildPhase;
			buildActionMask = 2147483647;
			files = (
				91356F6423595A4E00FA050D /* LaunchScreen.storyboard in Resources */,
				91356F6123595A4E00FA050D /* Assets.xcassets in Resources */,
				91356F5F23595A4D00FA050D /* Main.storyboard in Resources */,
			);
			runOnlyForDeploymentPostprocessing = 0;
		};
/* End PBXResourcesBuildPhase section */

/* Begin PBXSourcesBuildPhase section */
		91356F5023595A4D00FA050D /* Sources */ = {
			isa = PBXSourcesBuildPhase;
			buildActionMask = 2147483647;
			files = (
				91356F5C23595A4D00FA050D /* ViewController.swift in Sources */,
				91356F6D23595ACB00FA050D /* ScrollBannerView.swift in Sources */,
				91356F5823595A4D00FA050D /* AppDelegate.swift in Sources */,
				91356F5A23595A4D00FA050D /* SceneDelegate.swift in Sources */,
			);
			runOnlyForDeploymentPostprocessing = 0;
		};
/* End PBXSourcesBuildPhase section */

/* Begin PBXVariantGroup section */
		91356F5D23595A4D00FA050D /* Main.storyboard */ = {
			isa = PBXVariantGroup;
			children = (
				91356F5E23595A4D00FA050D /* Base */,
			);
			name = Main.storyboard;
			sourceTree = "<group>";
		};
		91356F6223595A4E00FA050D /* LaunchScreen.storyboard */ = {
			isa = PBXVariantGroup;
			children = (
				91356F6323595A4E00FA050D /* Base */,
			);
			name = LaunchScreen.storyboard;
			sourceTree = "<group>";
		};
/* End PBXVariantGroup section */

/* Begin XCBuildConfiguration section */
		91356F6623595A4E00FA050D /* Debug */ = {
			isa = XCBuildConfiguration;
			buildSettings = {
				ALWAYS_SEARCH_USER_PATHS = NO;
				CLANG_ANALYZER_NONNULL = YES;
				CLANG_ANALYZER_NUMBER_OBJECT_CONVERSION = YES_AGGRESSIVE;
				CLANG_CXX_LANGUAGE_STANDARD = "gnu++14";
				CLANG_CXX_LIBRARY = "libc++";
				CLANG_ENABLE_MODULES = YES;
				CLANG_ENABLE_OBJC_ARC = YES;
				CLANG_ENABLE_OBJC_WEAK = YES;
				CLANG_WARN_BLOCK_CAPTURE_AUTORELEASING = YES;
				CLANG_WARN_BOOL_CONVERSION = YES;
				CLANG_WARN_COMMA = YES;
				CLANG_WARN_CONSTANT_CONVERSION = YES;
				CLANG_WARN_DEPRECATED_OBJC_IMPLEMENTATIONS = YES;
				CLANG_WARN_DIRECT_OBJC_ISA_USAGE = YES_ERROR;
				CLANG_WARN_DOCUMENTATION_COMMENTS = YES;
				CLANG_WARN_EMPTY_BODY = YES;
				CLANG_WARN_ENUM_CONVERSION = YES;
				CLANG_WARN_INFINITE_RECURSION = YES;
				CLANG_WARN_INT_CONVERSION = YES;
				CLANG_WARN_NON_LITERAL_NULL_CONVERSION = YES;
				CLANG_WARN_OBJC_IMPLICIT_RETAIN_SELF = YES;
				CLANG_WARN_OBJC_LITERAL_CONVERSION = YES;
				CLANG_WARN_OBJC_ROOT_CLASS = YES_ERROR;
				CLANG_WARN_RANGE_LOOP_ANALYSIS = YES;
				CLANG_WARN_STRICT_PROTOTYPES = YES;
				CLANG_WARN_SUSPICIOUS_MOVE = YES;
				CLANG_WARN_UNGUARDED_AVAILABILITY = YES_AGGRESSIVE;
				CLANG_WARN_UNREACHABLE_CODE = YES;
				CLANG_WARN__DUPLICATE_METHOD_MATCH = YES;
				COPY_PHASE_STRIP = NO;
				DEBUG_INFORMATION_FORMAT = dwarf;
				ENABLE_STRICT_OBJC_MSGSEND = YES;
				ENABLE_TESTABILITY = YES;
				GCC_C_LANGUAGE_STANDARD = gnu11;
				GCC_DYNAMIC_NO_PIC = NO;
				GCC_NO_COMMON_BLOCKS = YES;
				GCC_OPTIMIZATION_LEVEL = 0;
				GCC_PREPROCESSOR_DEFINITIONS = (
					"DEBUG=1",
					"$(inherited)",
				);
				GCC_WARN_64_TO_32_BIT_CONVERSION = YES;
				GCC_WARN_ABOUT_RETURN_TYPE = YES_ERROR;
				GCC_WARN_UNDECLARED_SELECTOR = YES;
				GCC_WARN_UNINITIALIZED_AUTOS = YES_AGGRESSIVE;
				GCC_WARN_UNUSED_FUNCTION = YES;
				GCC_WARN_UNUSED_VARIABLE = YES;
				IPHONEOS_DEPLOYMENT_TARGET = 13.1;
				MTL_ENABLE_DEBUG_INFO = INCLUDE_SOURCE;
				MTL_FAST_MATH = YES;
				ONLY_ACTIVE_ARCH = YES;
				SDKROOT = iphoneos;
				SWIFT_ACTIVE_COMPILATION_CONDITIONS = DEBUG;
				SWIFT_OPTIMIZATION_LEVEL = "-Onone";
			};
			name = Debug;
		};
		91356F6723595A4E00FA050D /* Release */ = {
			isa = XCBuildConfiguration;
			buildSettings = {
				ALWAYS_SEARCH_USER_PATHS = NO;
				CLANG_ANALYZER_NONNULL = YES;
				CLANG_ANALYZER_NUMBER_OBJECT_CONVERSION = YES_AGGRESSIVE;
				CLANG_CXX_LANGUAGE_STANDARD = "gnu++14";
				CLANG_CXX_LIBRARY = "libc++";
				CLANG_ENABLE_MODULES = YES;
				CLANG_ENABLE_OBJC_ARC = YES;
				CLANG_ENABLE_OBJC_WEAK = YES;
				CLANG_WARN_BLOCK_CAPTURE_AUTORELEASING = YES;
				CLANG_WARN_BOOL_CONVERSION = YES;
				CLANG_WARN_COMMA = YES;
				CLANG_WARN_CONSTANT_CONVERSION = YES;
				CLANG_WARN_DEPRECATED_OBJC_IMPLEMENTATIONS = YES;
				CLANG_WARN_DIRECT_OBJC_ISA_USAGE = YES_ERROR;
				CLANG_WARN_DOCUMENTATION_COMMENTS = YES;
				CLANG_WARN_EMPTY_BODY = YES;
				CLANG_WARN_ENUM_CONVERSION = YES;
				CLANG_WARN_INFINITE_RECURSION = YES;
				CLANG_WARN_INT_CONVERSION = YES;
				CLANG_WARN_NON_LITERAL_NULL_CONVERSION = YES;
				CLANG_WARN_OBJC_IMPLICIT_RETAIN_SELF = YES;
				CLANG_WARN_OBJC_LITERAL_CONVERSION = YES;
				CLANG_WARN_OBJC_ROOT_CLASS = YES_ERROR;
				CLANG_WARN_RANGE_LOOP_ANALYSIS = YES;
				CLANG_WARN_STRICT_PROTOTYPES = YES;
				CLANG_WARN_SUSPICIOUS_MOVE = YES;
				CLANG_WARN_UNGUARDED_AVAILABILITY = YES_AGGRESSIVE;
				CLANG_WARN_UNREACHABLE_CODE = YES;
				CLANG_WARN__DUPLICATE_METHOD_MATCH = YES;
				COPY_PHASE_STRIP = NO;
				DEBUG_INFORMATION_FORMAT = "dwarf-with-dsym";
				ENABLE_NS_ASSERTIONS = NO;
				ENABLE_STRICT_OBJC_MSGSEND = YES;
				GCC_C_LANGUAGE_STANDARD = gnu11;
				GCC_NO_COMMON_BLOCKS = YES;
				GCC_WARN_64_TO_32_BIT_CONVERSION = YES;
				GCC_WARN_ABOUT_RETURN_TYPE = YES_ERROR;
				GCC_WARN_UNDECLARED_SELECTOR = YES;
				GCC_WARN_UNINITIALIZED_AUTOS = YES_AGGRESSIVE;
				GCC_WARN_UNUSED_FUNCTION = YES;
				GCC_WARN_UNUSED_VARIABLE = YES;
				IPHONEOS_DEPLOYMENT_TARGET = 13.1;
				MTL_ENABLE_DEBUG_INFO = NO;
				MTL_FAST_MATH = YES;
				SDKROOT = iphoneos;
				SWIFT_COMPILATION_MODE = wholemodule;
				SWIFT_OPTIMIZATION_LEVEL = "-O";
				VALIDATE_PRODUCT = YES;
			};
			name = Release;
		};
		91356F6923595A4E00FA050D /* Debug */ = {
			isa = XCBuildConfiguration;
			buildSettings = {
				ASSETCATALOG_COMPILER_APPICON_NAME = AppIcon;
				CODE_SIGN_STYLE = Automatic;
				DEVELOPMENT_TEAM = U79L9MP8GY;
				INFOPLIST_FILE = ScrollBannerView/Info.plist;
				IPHONEOS_DEPLOYMENT_TARGET = 10.0;
				LD_RUNPATH_SEARCH_PATHS = (
					"$(inherited)",
					"@executable_path/Frameworks",
				);
				PRODUCT_BUNDLE_IDENTIFIER = com.godsoft.ScrollBannerView;
				PRODUCT_NAME = "$(TARGET_NAME)";
				SWIFT_VERSION = 5.0;
				TARGETED_DEVICE_FAMILY = "1,2";
			};
			name = Debug;
		};
		91356F6A23595A4E00FA050D /* Release */ = {
			isa = XCBuildConfiguration;
			buildSettings = {
				ASSETCATALOG_COMPILER_APPICON_NAME = AppIcon;
				CODE_SIGN_STYLE = Automatic;
				DEVELOPMENT_TEAM = U79L9MP8GY;
				INFOPLIST_FILE = ScrollBannerView/Info.plist;
				IPHONEOS_DEPLOYMENT_TARGET = 10.0;
				LD_RUNPATH_SEARCH_PATHS = (
					"$(inherited)",
					"@executable_path/Frameworks",
				);
				PRODUCT_BUNDLE_IDENTIFIER = com.godsoft.ScrollBannerView;
				PRODUCT_NAME = "$(TARGET_NAME)";
				SWIFT_VERSION = 5.0;
				TARGETED_DEVICE_FAMILY = "1,2";
			};
			name = Release;
		};
/* End XCBuildConfiguration section */

/* Begin XCConfigurationList section */
		91356F4F23595A4D00FA050D /* Build configuration list for PBXProject "ScrollBannerView" */ = {
			isa = XCConfigurationList;
			buildConfigurations = (
				91356F6623595A4E00FA050D /* Debug */,
				91356F6723595A4E00FA050D /* Release */,
			);
			defaultConfigurationIsVisible = 0;
			defaultConfigurationName = Release;
		};
		91356F6823595A4E00FA050D /* Build configuration list for PBXNativeTarget "ScrollBannerView" */ = {
			isa = XCConfigurationList;
			buildConfigurations = (
				91356F6923595A4E00FA050D /* Debug */,
				91356F6A23595A4E00FA050D /* Release */,
			);
			defaultConfigurationIsVisible = 0;
			defaultConfigurationName = Release;
		};
/* End XCConfigurationList section */
	};
	rootObject = 91356F4C23595A4D00FA050D /* Project object */;
}
